
Microsoft Visual Studio Solution File, Format Version 12.00
# Visual Studio 14
VisualStudioVersion = 14.0.25420.1
MinimumVisualStudioVersion = 10.0.40219.1
Project("{FAE04EC0-301F-11D3-BF4B-00C04F79EFBC}") = "ZeroFlip.Lib", "ZeroFlip.Lib\ZeroFlip.Lib.csproj", "{67F9D3A8-F71E-4428-913F-C37AE82CDB24}"
EndProject
Project("{FAE04EC0-301F-11D3-BF4B-00C04F79EFBC}") = "ZeroFlip.UWP", "ZeroFlip.UWP\ZeroFlip.UWP.csproj", "{57EA7B23-4A00-4347-963C-DE4C79161A41}"
EndProject
Project("{FAE04EC0-301F-11D3-BF4B-00C04F79EFBC}") = "ZeroFlip.Droid", "ZeroFlip.Droid\ZeroFlip.Droid.csproj", "{1179946D-4842-4E37-A71B-F142E75B8A87}"
EndProject
Global
	GlobalSection(SolutionConfigurationPlatforms) = preSolution
		Debug|Any CPU = Debug|Any CPU
		Debug|ARM = Debug|ARM
		Debug|x64 = Debug|x64
		Debug|x86 = Debug|x86
		Release|Any CPU = Release|Any CPU
		Release|ARM = Release|ARM
		Release|x64 = Release|x64
		Release|x86 = Release|x86
	EndGlobalSection
	GlobalSection(ProjectConfigurationPlatforms) = postSolution
		{67F9D3A8-F71E-4428-913F-C37AE82CDB24}.Debug|Any CPU.ActiveCfg = Debug|Any CPU
		{67F9D3A8-F71E-4428-913F-C37AE82CDB24}.Debug|Any CPU.Build.0 = Debug|Any CPU
		{67F9D3A8-F71E-4428-913F-C37AE82CDB24}.Debug|ARM.ActiveCfg = Debug|Any CPU
		{67F9D3A8-F71E-4428-913F-C37AE82CDB24}.Debug|ARM.Build.0 = Debug|Any CPU
		{67F9D3A8-F71E-4428-913F-C37AE82CDB24}.Debug|x64.ActiveCfg = Debug|Any CPU
		{67F9D3A8-F71E-4428-913F-C37AE82CDB24}.Debug|x64.Build.0 = Debug|Any CPU
		{67F9D3A8-F71E-4428-913F-C37AE82CDB24}.Debug|x86.ActiveCfg = Debug|Any CPU
		{67F9D3A8-F71E-4428-913F-C37AE82CDB24}.Debug|x86.Build.0 = Debug|Any CPU
		{67F9D3A8-F71E-4428-913F-C37AE82CDB24}.Release|Any CPU.ActiveCfg = Release|Any CPU
		{67F9D3A8-F71E-4428-913F-C37AE82CDB24}.Release|Any CPU.Build.0 = Release|Any CPU
		{67F9D3A8-F71E-4428-913F-C37AE82CDB24}.Release|ARM.ActiveCfg = Release|Any CPU
		{67F9D3A8-F71E-4428-913F-C37AE82CDB24}.Release|ARM.Build.0 = Release|Any CPU
		{67F9D3A8-F71E-4428-913F-C37AE82CDB24}.Release|x64.ActiveCfg = Release|Any CPU
		{67F9D3A8-F71E-4428-913F-C37AE82CDB24}.Release|x64.Build.0 = Release|Any CPU
		{67F9D3A8-F71E-4428-913F-C37AE82CDB24}.Release|x86.ActiveCfg = Release|Any CPU
		{67F9D3A8-F71E-4428-913F-C37AE82CDB24}.Release|x86.Build.0 = Release|Any CPU
		{57EA7B23-4A00-4347-963C-DE4C79161A41}.Debug|Any CPU.ActiveCfg = Debug|x86
		{57EA7B23-4A00-4347-963C-DE4C79161A41}.Debug|ARM.ActiveCfg = Debug|ARM
		{57EA7B23-4A00-4347-963C-DE4C79161A41}.Debug|ARM.Build.0 = Debug|ARM
		{57EA7B23-4A00-4347-963C-DE4C79161A41}.Debug|ARM.Deploy.0 = Debug|ARM
		{57EA7B23-4A00-4347-963C-DE4C79161A41}.Debug|x64.ActiveCfg = Debug|x64
		{57EA7B23-4A00-4347-963C-DE4C79161A41}.Debug|x64.Build.0 = Debug|x64
		{57EA7B23-4A00-4347-963C-DE4C79161A41}.Debug|x64.Deploy.0 = Debug|x64
		{57EA7B23-4A00-4347-963C-DE4C79161A41}.Debug|x86.ActiveCfg = Debug|x86
		{57EA7B23-4A00-4347-963C-DE4C79161A41}.Debug|x86.Build.0 = Debug|x86
		{57EA7B23-4A00-4347-963C-DE4C79161A41}.Debug|x86.Deploy.0 = Debug|x86
		{57EA7B23-4A00-4347-963C-DE4C79161A41}.Release|Any CPU.ActiveCfg = Release|x86
		{57EA7B23-4A00-4347-963C-DE4C79161A41}.Release|ARM.ActiveCfg = Release|ARM
		{57EA7B23-4A00-4347-963C-DE4C79161A41}.Release|ARM.Build.0 = Release|ARM
		{57EA7B23-4A00-4347-963C-DE4C79161A41}.Release|ARM.Deploy.0 = Release|ARM
		{57EA7B23-4A00-4347-963C-DE4C79161A41}.Release|x64.ActiveCfg = Release|x64
		{57EA7B23-4A00-4347-963C-DE4C79161A41}.Release|x64.Build.0 = Release|x64
		{57EA7B23-4A00-4347-963C-DE4C79161A41}.Release|x64.Deploy.0 = Release|x64
		{57EA7B23-4A00-4347-963C-DE4C79161A41}.Release|x86.ActiveCfg = Release|x86
		{57EA7B23-4A00-4347-963C-DE4C79161A41}.Release|x86.Build.0 = Release|x86
		{57EA7B23-4A00-4347-963C-DE4C79161A41}.Release|x86.Deploy.0 = Release|x86
		{1179946D-4842-4E37-A71B-F142E75B8A87}.Debug|Any CPU.ActiveCfg = Debug|Any CPU
		{1179946D-4842-4E37-A71B-F142E75B8A87}.Debug|Any CPU.Build.0 = Debug|Any CPU
		{1179946D-4842-4E37-A71B-F142E75B8A87}.Debug|Any CPU.Deploy.0 = Debug|Any CPU
		{1179946D-4842-4E37-A71B-F142E75B8A87}.Debug|ARM.ActiveCfg = Debug|Any CPU
		{1179946D-4842-4E37-A71B-F142E75B8A87}.Debug|ARM.Build.0 = Debug|Any CPU
		{1179946D-4842-4E37-A71B-F142E75B8A87}.Debug|ARM.Deploy.0 = Debug|Any CPU
		{1179946D-4842-4E37-A71B-F142E75B8A87}.Debug|x64.ActiveCfg = Debug|Any CPU
		{1179946D-4842-4E37-A71B-F142E75B8A87}.Debug|x64.Build.0 = Debug|Any CPU
		{1179946D-4842-4E37-A71B-F142E75B8A87}.Debug|x64.Deploy.0 = Debug|Any CPU
		{1179946D-4842-4E37-A71B-F142E75B8A87}.Debug|x86.ActiveCfg = Debug|Any CPU
		{1179946D-4842-4E37-A71B-F142E75B8A87}.Debug|x86.Build.0 = Debug|Any CPU
		{1179946D-4842-4E37-A71B-F142E75B8A87}.Debug|x86.Deploy.0 = Debug|Any CPU
		{1179946D-4842-4E37-A71B-F142E75B8A87}.Release|Any CPU.ActiveCfg = Release|Any CPU
		{1179946D-4842-4E37-A71B-F142E75B8A87}.Release|Any CPU.Build.0 = Release|Any CPU
		{1179946D-4842-4E37-A71B-F142E75B8A87}.Release|Any CPU.Deploy.0 = Release|Any CPU
		{1179946D-4842-4E37-A71B-F142E75B8A87}.Release|ARM.ActiveCfg = Release|Any CPU
		{1179946D-4842-4E37-A71B-F142E75B8A87}.Release|ARM.Build.0 = Release|Any CPU
		{1179946D-4842-4E37-A71B-F142E75B8A87}.Release|ARM.Deploy.0 = Release|Any CPU
		{1179946D-4842-4E37-A71B-F142E75B8A87}.Release|x64.ActiveCfg = Release|Any CPU
		{1179946D-4842-4E37-A71B-F142E75B8A87}.Release|x64.Build.0 = Release|Any CPU
		{1179946D-4842-4E37-A71B-F142E75B8A87}.Release|x64.Deploy.0 = Release|Any CPU
		{1179946D-4842-4E37-A71B-F142E75B8A87}.Release|x86.ActiveCfg = Release|Any CPU
		{1179946D-4842-4E37-A71B-F142E75B8A87}.Release|x86.Build.0 = Release|Any CPU
		{1179946D-4842-4E37-A71B-F142E75B8A87}.Release|x86.Deploy.0 = Release|Any CPU
	EndGlobalSection
	GlobalSection(SolutionProperties) = preSolution
		HideSolutionNode = FALSE
	EndGlobalSection
EndGlobal
