
Microsoft Visual Studio Solution File, Format Version 12.00
# Visual Studio 14
VisualStudioVersion = 14.0.25420.1
MinimumVisualStudioVersion = 10.0.40219.1
Project("{FAE04EC0-301F-11D3-BF4B-00C04F79EFBC}") = "ZeroFlip.Lib", "ZeroFlip.Lib\ZeroFlip.Lib.csproj", "{67F9D3A8-F71E-4428-913F-C37AE82CDB24}"
EndProject
Project("{FAE04EC0-301F-11D3-BF4B-00C04F79EFBC}") = "ZeroFlip.UWP", "ZeroFlip.UWP\ZeroFlip.UWP.csproj", "{934ABC1E-9954-4558-85C0-2951677977FA}"
EndProject
Project("{FAE04EC0-301F-11D3-BF4B-00C04F79EFBC}") = "Mendo.UAP", "..\MendoTools\Mendo.UAP\Mendo.UAP.csproj", "{A6A64D0E-B444-493A-91D1-7815E3F8CEF7}"
EndProject
Global
	GlobalSection(SolutionConfigurationPlatforms) = preSolution
		Debug|Any CPU = Debug|Any CPU
		Debug|ARM = Debug|ARM
		Debug|x64 = Debug|x64
		Debug|x86 = Debug|x86
		Release|Any CPU = Release|Any CPU
		Release|ARM = Release|ARM
		Release|x64 = Release|x64
		Release|x86 = Release|x86
	EndGlobalSection
	GlobalSection(ProjectConfigurationPlatforms) = postSolution
		{67F9D3A8-F71E-4428-913F-C37AE82CDB24}.Debug|Any CPU.ActiveCfg = Debug|Any CPU
		{67F9D3A8-F71E-4428-913F-C37AE82CDB24}.Debug|Any CPU.Build.0 = Debug|Any CPU
		{67F9D3A8-F71E-4428-913F-C37AE82CDB24}.Debug|ARM.ActiveCfg = Debug|Any CPU
		{67F9D3A8-F71E-4428-913F-C37AE82CDB24}.Debug|ARM.Build.0 = Debug|Any CPU
		{67F9D3A8-F71E-4428-913F-C37AE82CDB24}.Debug|x64.ActiveCfg = Debug|Any CPU
		{67F9D3A8-F71E-4428-913F-C37AE82CDB24}.Debug|x64.Build.0 = Debug|Any CPU
		{67F9D3A8-F71E-4428-913F-C37AE82CDB24}.Debug|x86.ActiveCfg = Debug|Any CPU
		{67F9D3A8-F71E-4428-913F-C37AE82CDB24}.Debug|x86.Build.0 = Debug|Any CPU
		{67F9D3A8-F71E-4428-913F-C37AE82CDB24}.Release|Any CPU.ActiveCfg = Release|Any CPU
		{67F9D3A8-F71E-4428-913F-C37AE82CDB24}.Release|Any CPU.Build.0 = Release|Any CPU
		{67F9D3A8-F71E-4428-913F-C37AE82CDB24}.Release|ARM.ActiveCfg = Release|Any CPU
		{67F9D3A8-F71E-4428-913F-C37AE82CDB24}.Release|ARM.Build.0 = Release|Any CPU
		{67F9D3A8-F71E-4428-913F-C37AE82CDB24}.Release|x64.ActiveCfg = Release|Any CPU
		{67F9D3A8-F71E-4428-913F-C37AE82CDB24}.Release|x64.Build.0 = Release|Any CPU
		{67F9D3A8-F71E-4428-913F-C37AE82CDB24}.Release|x86.ActiveCfg = Release|Any CPU
		{67F9D3A8-F71E-4428-913F-C37AE82CDB24}.Release|x86.Build.0 = Release|Any CPU
		{934ABC1E-9954-4558-85C0-2951677977FA}.Debug|Any CPU.ActiveCfg = Debug|x86
		{934ABC1E-9954-4558-85C0-2951677977FA}.Debug|ARM.ActiveCfg = Debug|ARM
		{934ABC1E-9954-4558-85C0-2951677977FA}.Debug|ARM.Build.0 = Debug|ARM
		{934ABC1E-9954-4558-85C0-2951677977FA}.Debug|ARM.Deploy.0 = Debug|ARM
		{934ABC1E-9954-4558-85C0-2951677977FA}.Debug|x64.ActiveCfg = Debug|x64
		{934ABC1E-9954-4558-85C0-2951677977FA}.Debug|x64.Build.0 = Debug|x64
		{934ABC1E-9954-4558-85C0-2951677977FA}.Debug|x64.Deploy.0 = Debug|x64
		{934ABC1E-9954-4558-85C0-2951677977FA}.Debug|x86.ActiveCfg = Debug|x86
		{934ABC1E-9954-4558-85C0-2951677977FA}.Debug|x86.Build.0 = Debug|x86
		{934ABC1E-9954-4558-85C0-2951677977FA}.Debug|x86.Deploy.0 = Debug|x86
		{934ABC1E-9954-4558-85C0-2951677977FA}.Release|Any CPU.ActiveCfg = Release|x86
		{934ABC1E-9954-4558-85C0-2951677977FA}.Release|ARM.ActiveCfg = Release|ARM
		{934ABC1E-9954-4558-85C0-2951677977FA}.Release|ARM.Build.0 = Release|ARM
		{934ABC1E-9954-4558-85C0-2951677977FA}.Release|ARM.Deploy.0 = Release|ARM
		{934ABC1E-9954-4558-85C0-2951677977FA}.Release|x64.ActiveCfg = Release|x64
		{934ABC1E-9954-4558-85C0-2951677977FA}.Release|x64.Build.0 = Release|x64
		{934ABC1E-9954-4558-85C0-2951677977FA}.Release|x64.Deploy.0 = Release|x64
		{934ABC1E-9954-4558-85C0-2951677977FA}.Release|x86.ActiveCfg = Release|x86
		{934ABC1E-9954-4558-85C0-2951677977FA}.Release|x86.Build.0 = Release|x86
		{934ABC1E-9954-4558-85C0-2951677977FA}.Release|x86.Deploy.0 = Release|x86
		{A6A64D0E-B444-493A-91D1-7815E3F8CEF7}.Debug|Any CPU.ActiveCfg = Debug|Any CPU
		{A6A64D0E-B444-493A-91D1-7815E3F8CEF7}.Debug|Any CPU.Build.0 = Debug|Any CPU
		{A6A64D0E-B444-493A-91D1-7815E3F8CEF7}.Debug|ARM.ActiveCfg = Debug|ARM
		{A6A64D0E-B444-493A-91D1-7815E3F8CEF7}.Debug|ARM.Build.0 = Debug|ARM
		{A6A64D0E-B444-493A-91D1-7815E3F8CEF7}.Debug|x64.ActiveCfg = Debug|x64
		{A6A64D0E-B444-493A-91D1-7815E3F8CEF7}.Debug|x64.Build.0 = Debug|x64
		{A6A64D0E-B444-493A-91D1-7815E3F8CEF7}.Debug|x86.ActiveCfg = Debug|x86
		{A6A64D0E-B444-493A-91D1-7815E3F8CEF7}.Debug|x86.Build.0 = Debug|x86
		{A6A64D0E-B444-493A-91D1-7815E3F8CEF7}.Release|Any CPU.ActiveCfg = Release|Any CPU
		{A6A64D0E-B444-493A-91D1-7815E3F8CEF7}.Release|Any CPU.Build.0 = Release|Any CPU
		{A6A64D0E-B444-493A-91D1-7815E3F8CEF7}.Release|ARM.ActiveCfg = Release|ARM
		{A6A64D0E-B444-493A-91D1-7815E3F8CEF7}.Release|ARM.Build.0 = Release|ARM
		{A6A64D0E-B444-493A-91D1-7815E3F8CEF7}.Release|x64.ActiveCfg = Release|x64
		{A6A64D0E-B444-493A-91D1-7815E3F8CEF7}.Release|x64.Build.0 = Release|x64
		{A6A64D0E-B444-493A-91D1-7815E3F8CEF7}.Release|x86.ActiveCfg = Release|x86
		{A6A64D0E-B444-493A-91D1-7815E3F8CEF7}.Release|x86.Build.0 = Release|x86
	EndGlobalSection
	GlobalSection(SolutionProperties) = preSolution
		HideSolutionNode = FALSE
	EndGlobalSection
EndGlobal
